
Microsoft Visual Studio Solution File, Format Version 12.00
# Visual Studio Version 17
VisualStudioVersion = 17.8.34112.27
MinimumVisualStudioVersion = 10.0.40219.1
Project("{9A19103F-16F7-4668-BE54-9A1E7A4F7556}") = "DotNET_speed_test", "DotNET_speed_test.csproj", "{04AD39A3-5985-4CCC-B026-5E00DB727F75}"
EndProject
Project("{2150E333-8FDC-42A3-9474-1A3956D46DE8}") = "Solution Items", "Solution Items", "{94805128-6D0B-436C-AA08-DC57B3863B77}"
EndProject
Global
	GlobalSection(SolutionConfigurationPlatforms) = preSolution
		Debug|Any CPU = Debug|Any CPU
		Release|Any CPU = Release|Any CPU
	EndGlobalSection
	GlobalSection(ProjectConfigurationPlatforms) = postSolution
		{04AD39A3-5985-4CCC-B026-5E00DB727F75}.Debug|Any CPU.ActiveCfg = Debug|Any CPU
		{04AD39A3-5985-4CCC-B026-5E00DB727F75}.Debug|Any CPU.Build.0 = Debug|Any CPU
		{04AD39A3-5985-4CCC-B026-5E00DB727F75}.Release|Any CPU.ActiveCfg = Release|Any CPU
		{04AD39A3-5985-4CCC-B026-5E00DB727F75}.Release|Any CPU.Build.0 = Release|Any CPU
	EndGlobalSection
	GlobalSection(SolutionProperties) = preSolution
		HideSolutionNode = FALSE
	EndGlobalSection
	GlobalSection(ExtensibilityGlobals) = postSolution
		SolutionGuid = {07729476-9EEE-4B92-AEE8-C8B2329B3E0E}
	EndGlobalSection
EndGlobal
